
Microsoft Visual Studio Solution File, Format Version 12.00
# Visual Studio 14
VisualStudioVersion = 14.0.25123.0
MinimumVisualStudioVersion = 10.0.40219.1
Project("{2150E333-8FDC-42A3-9474-1A3956D46DE8}") = "1. Layers", "1. Layers", "{E1CB69B2-FCC3-4638-9629-E4FAC63839D9}"
EndProject
Project("{2150E333-8FDC-42A3-9474-1A3956D46DE8}") = "2. CrossCutting", "2. CrossCutting", "{8B9D5ED6-7E4F-4EBC-AF08-77306BF2F9B8}"
EndProject
Project("{2150E333-8FDC-42A3-9474-1A3956D46DE8}") = "3. Database", "3. Database", "{94EFB06C-5E46-46FF-A158-38947B596CD6}"
EndProject
Project("{2150E333-8FDC-42A3-9474-1A3956D46DE8}") = "4. Test", "4. Test", "{5BA14BDD-5F5A-4BF3-9064-6DBF0B08A3FA}"
EndProject
Project("{FAE04EC0-301F-11D3-BF4B-00C04F79EFBC}") = "BDD", "4. Test\BDD\BDD.csproj", "{04184D90-BF0F-4B7D-9094-34BDEB509E1C}"
EndProject
Project("{FAE04EC0-301F-11D3-BF4B-00C04F79EFBC}") = "UnitTests", "4. Test\UnitTests\UnitTests.csproj", "{D627C838-13B5-4D5F-9132-9D8E87C6E146}"
EndProject
Project("{00D1A9C2-B5F0-4AF3-8072-F6C62B433612}") = "Well", "3. Database\Well\Well.sqlproj", "{CD9ABE6E-66C0-4EE7-A805-5B429C5B5FB6}"
EndProject
Project("{FAE04EC0-301F-11D3-BF4B-00C04F79EFBC}") = "Well.Common", "2. CrossCutting\Well.Common\Well.Common.csproj", "{D1032947-BBA3-4D82-91FB-8E2AE054F0E3}"
EndProject
Project("{2150E333-8FDC-42A3-9474-1A3956D46DE8}") = "1.1 Presentation", "1.1 Presentation", "{ACEFC590-5EBB-421B-92BE-3CC2DBE93550}"
EndProject
Project("{2150E333-8FDC-42A3-9474-1A3956D46DE8}") = "1.2 Services", "1.2 Services", "{774D899B-D372-4571-80EA-ED1F54ECF74F}"
EndProject
Project("{2150E333-8FDC-42A3-9474-1A3956D46DE8}") = "1.3 Domain", "1.3 Domain", "{94BFAEFE-11E8-42E5-A7EB-C15D3C3B85C3}"
EndProject
Project("{2150E333-8FDC-42A3-9474-1A3956D46DE8}") = "1.4 Infrastructure", "1.4 Infrastructure", "{F398B886-69D3-4B7A-8E29-D3AF5F8BA8BF}"
EndProject
Project("{2150E333-8FDC-42A3-9474-1A3956D46DE8}") = "1.5 ACL", "1.5 ACL", "{D31061EB-F6E4-48A8-84D5-E8020F13AB11}"
EndProject
Project("{FAE04EC0-301F-11D3-BF4B-00C04F79EFBC}") = "Well.Dashboard", "1. Layers\1.1 Presentation\Well.Dashboard\Well.Dashboard.csproj", "{E3EBD63A-7B58-4E17-9BFD-0C5B993A6AF2}"
EndProject
Project("{FAE04EC0-301F-11D3-BF4B-00C04F79EFBC}") = "Well.Api", "1. Layers\1.1 Presentation\Well.Api\Well.Api.csproj", "{22815DD8-A36A-4D28-85B2-B105E57CE597}"
EndProject
Project("{FAE04EC0-301F-11D3-BF4B-00C04F79EFBC}") = "Well.Services", "1. Layers\1.2 Services\Well.Services\Well.Services.csproj", "{8C839EE3-9B46-4D0B-A38B-6E653E471FBF}"
EndProject
Project("{FAE04EC0-301F-11D3-BF4B-00C04F79EFBC}") = "Well.Domain", "1. Layers\1.3 Domain\Well.Domain\Well.Domain.csproj", "{94DED6AE-3FDA-42C6-AFD5-D7ECDB59AB7B}"
EndProject
Project("{FAE04EC0-301F-11D3-BF4B-00C04F79EFBC}") = "Well.Repositories", "1. Layers\1.4 Infrastructure\Well.Repositories\Well.Repositories.csproj", "{F6584BAC-9A01-4788-9C75-FAF17337360E}"
EndProject
Project("{FAE04EC0-301F-11D3-BF4B-00C04F79EFBC}") = "Well.Adam", "1. Layers\1.5 ACL\Well.Adam\Well.Adam.csproj", "{DDA686B1-7D6F-4895-89AD-4D81DCEF2A02}"
EndProject
Project("{FAE04EC0-301F-11D3-BF4B-00C04F79EFBC}") = "Well.TranSend", "1. Layers\1.5 ACL\Well.TranSend\Well.TranSend.csproj", "{559D6545-BC06-432A-B006-7EF8C65B4BD4}"
EndProject
Global
	GlobalSection(SolutionConfigurationPlatforms) = preSolution
		Debug|Any CPU = Debug|Any CPU
		Release|Any CPU = Release|Any CPU
	EndGlobalSection
	GlobalSection(ProjectConfigurationPlatforms) = postSolution
		{04184D90-BF0F-4B7D-9094-34BDEB509E1C}.Debug|Any CPU.ActiveCfg = Debug|Any CPU
		{04184D90-BF0F-4B7D-9094-34BDEB509E1C}.Debug|Any CPU.Build.0 = Debug|Any CPU
		{04184D90-BF0F-4B7D-9094-34BDEB509E1C}.Release|Any CPU.ActiveCfg = Release|Any CPU
		{04184D90-BF0F-4B7D-9094-34BDEB509E1C}.Release|Any CPU.Build.0 = Release|Any CPU
		{D627C838-13B5-4D5F-9132-9D8E87C6E146}.Debug|Any CPU.ActiveCfg = Debug|Any CPU
		{D627C838-13B5-4D5F-9132-9D8E87C6E146}.Debug|Any CPU.Build.0 = Debug|Any CPU
		{D627C838-13B5-4D5F-9132-9D8E87C6E146}.Release|Any CPU.ActiveCfg = Release|Any CPU
		{D627C838-13B5-4D5F-9132-9D8E87C6E146}.Release|Any CPU.Build.0 = Release|Any CPU
		{CD9ABE6E-66C0-4EE7-A805-5B429C5B5FB6}.Debug|Any CPU.ActiveCfg = Debug|Any CPU
		{CD9ABE6E-66C0-4EE7-A805-5B429C5B5FB6}.Debug|Any CPU.Build.0 = Debug|Any CPU
		{CD9ABE6E-66C0-4EE7-A805-5B429C5B5FB6}.Debug|Any CPU.Deploy.0 = Debug|Any CPU
		{CD9ABE6E-66C0-4EE7-A805-5B429C5B5FB6}.Release|Any CPU.ActiveCfg = Release|Any CPU
		{CD9ABE6E-66C0-4EE7-A805-5B429C5B5FB6}.Release|Any CPU.Build.0 = Release|Any CPU
		{CD9ABE6E-66C0-4EE7-A805-5B429C5B5FB6}.Release|Any CPU.Deploy.0 = Release|Any CPU
		{D1032947-BBA3-4D82-91FB-8E2AE054F0E3}.Debug|Any CPU.ActiveCfg = Debug|Any CPU
		{D1032947-BBA3-4D82-91FB-8E2AE054F0E3}.Debug|Any CPU.Build.0 = Debug|Any CPU
		{D1032947-BBA3-4D82-91FB-8E2AE054F0E3}.Release|Any CPU.ActiveCfg = Release|Any CPU
		{D1032947-BBA3-4D82-91FB-8E2AE054F0E3}.Release|Any CPU.Build.0 = Release|Any CPU
		{E3EBD63A-7B58-4E17-9BFD-0C5B993A6AF2}.Debug|Any CPU.ActiveCfg = Debug|Any CPU
		{E3EBD63A-7B58-4E17-9BFD-0C5B993A6AF2}.Debug|Any CPU.Build.0 = Debug|Any CPU
		{E3EBD63A-7B58-4E17-9BFD-0C5B993A6AF2}.Release|Any CPU.ActiveCfg = Release|Any CPU
		{E3EBD63A-7B58-4E17-9BFD-0C5B993A6AF2}.Release|Any CPU.Build.0 = Release|Any CPU
		{22815DD8-A36A-4D28-85B2-B105E57CE597}.Debug|Any CPU.ActiveCfg = Debug|Any CPU
		{22815DD8-A36A-4D28-85B2-B105E57CE597}.Debug|Any CPU.Build.0 = Debug|Any CPU
		{22815DD8-A36A-4D28-85B2-B105E57CE597}.Release|Any CPU.ActiveCfg = Release|Any CPU
		{22815DD8-A36A-4D28-85B2-B105E57CE597}.Release|Any CPU.Build.0 = Release|Any CPU
		{8C839EE3-9B46-4D0B-A38B-6E653E471FBF}.Debug|Any CPU.ActiveCfg = Debug|Any CPU
		{8C839EE3-9B46-4D0B-A38B-6E653E471FBF}.Debug|Any CPU.Build.0 = Debug|Any CPU
		{8C839EE3-9B46-4D0B-A38B-6E653E471FBF}.Release|Any CPU.ActiveCfg = Release|Any CPU
		{8C839EE3-9B46-4D0B-A38B-6E653E471FBF}.Release|Any CPU.Build.0 = Release|Any CPU
		{94DED6AE-3FDA-42C6-AFD5-D7ECDB59AB7B}.Debug|Any CPU.ActiveCfg = Debug|Any CPU
		{94DED6AE-3FDA-42C6-AFD5-D7ECDB59AB7B}.Debug|Any CPU.Build.0 = Debug|Any CPU
		{94DED6AE-3FDA-42C6-AFD5-D7ECDB59AB7B}.Release|Any CPU.ActiveCfg = Release|Any CPU
		{94DED6AE-3FDA-42C6-AFD5-D7ECDB59AB7B}.Release|Any CPU.Build.0 = Release|Any CPU
		{F6584BAC-9A01-4788-9C75-FAF17337360E}.Debug|Any CPU.ActiveCfg = Debug|Any CPU
		{F6584BAC-9A01-4788-9C75-FAF17337360E}.Debug|Any CPU.Build.0 = Debug|Any CPU
		{F6584BAC-9A01-4788-9C75-FAF17337360E}.Release|Any CPU.ActiveCfg = Release|Any CPU
		{F6584BAC-9A01-4788-9C75-FAF17337360E}.Release|Any CPU.Build.0 = Release|Any CPU
		{DDA686B1-7D6F-4895-89AD-4D81DCEF2A02}.Debug|Any CPU.ActiveCfg = Debug|Any CPU
		{DDA686B1-7D6F-4895-89AD-4D81DCEF2A02}.Debug|Any CPU.Build.0 = Debug|Any CPU
		{DDA686B1-7D6F-4895-89AD-4D81DCEF2A02}.Release|Any CPU.ActiveCfg = Release|Any CPU
		{DDA686B1-7D6F-4895-89AD-4D81DCEF2A02}.Release|Any CPU.Build.0 = Release|Any CPU
		{559D6545-BC06-432A-B006-7EF8C65B4BD4}.Debug|Any CPU.ActiveCfg = Debug|Any CPU
		{559D6545-BC06-432A-B006-7EF8C65B4BD4}.Debug|Any CPU.Build.0 = Debug|Any CPU
		{559D6545-BC06-432A-B006-7EF8C65B4BD4}.Release|Any CPU.ActiveCfg = Release|Any CPU
		{559D6545-BC06-432A-B006-7EF8C65B4BD4}.Release|Any CPU.Build.0 = Release|Any CPU
	EndGlobalSection
	GlobalSection(SolutionProperties) = preSolution
		HideSolutionNode = FALSE
	EndGlobalSection
	GlobalSection(NestedProjects) = preSolution
		{04184D90-BF0F-4B7D-9094-34BDEB509E1C} = {5BA14BDD-5F5A-4BF3-9064-6DBF0B08A3FA}
		{D627C838-13B5-4D5F-9132-9D8E87C6E146} = {5BA14BDD-5F5A-4BF3-9064-6DBF0B08A3FA}
		{CD9ABE6E-66C0-4EE7-A805-5B429C5B5FB6} = {94EFB06C-5E46-46FF-A158-38947B596CD6}
		{D1032947-BBA3-4D82-91FB-8E2AE054F0E3} = {8B9D5ED6-7E4F-4EBC-AF08-77306BF2F9B8}
		{ACEFC590-5EBB-421B-92BE-3CC2DBE93550} = {E1CB69B2-FCC3-4638-9629-E4FAC63839D9}
		{774D899B-D372-4571-80EA-ED1F54ECF74F} = {E1CB69B2-FCC3-4638-9629-E4FAC63839D9}
		{94BFAEFE-11E8-42E5-A7EB-C15D3C3B85C3} = {E1CB69B2-FCC3-4638-9629-E4FAC63839D9}
		{F398B886-69D3-4B7A-8E29-D3AF5F8BA8BF} = {E1CB69B2-FCC3-4638-9629-E4FAC63839D9}
		{D31061EB-F6E4-48A8-84D5-E8020F13AB11} = {E1CB69B2-FCC3-4638-9629-E4FAC63839D9}
		{E3EBD63A-7B58-4E17-9BFD-0C5B993A6AF2} = {ACEFC590-5EBB-421B-92BE-3CC2DBE93550}
		{22815DD8-A36A-4D28-85B2-B105E57CE597} = {ACEFC590-5EBB-421B-92BE-3CC2DBE93550}
		{8C839EE3-9B46-4D0B-A38B-6E653E471FBF} = {774D899B-D372-4571-80EA-ED1F54ECF74F}
		{94DED6AE-3FDA-42C6-AFD5-D7ECDB59AB7B} = {94BFAEFE-11E8-42E5-A7EB-C15D3C3B85C3}
		{F6584BAC-9A01-4788-9C75-FAF17337360E} = {F398B886-69D3-4B7A-8E29-D3AF5F8BA8BF}
		{DDA686B1-7D6F-4895-89AD-4D81DCEF2A02} = {D31061EB-F6E4-48A8-84D5-E8020F13AB11}
		{559D6545-BC06-432A-B006-7EF8C65B4BD4} = {D31061EB-F6E4-48A8-84D5-E8020F13AB11}
	EndGlobalSection
EndGlobal
